
Microsoft Visual Studio Solution File, Format Version 12.00
# Visual Studio Version 16
VisualStudioVersion = 16.0.30804.86
MinimumVisualStudioVersion = 10.0.40219.1
Project("{FAE04EC0-301F-11D3-BF4B-00C04F79EFBC}") = "DocumentationNotebook", "DocumentationNotebook\DocumentationNotebook.csproj", "{A77F149A-C902-47AD-8CF5-FF7A947B8058}"
EndProject
Global
	GlobalSection(SolutionConfigurationPlatforms) = preSolution
		Debug|Any CPU = Debug|Any CPU
		Release|Any CPU = Release|Any CPU
	EndGlobalSection
	GlobalSection(ProjectConfigurationPlatforms) = postSolution
		{A77F149A-C902-47AD-8CF5-FF7A947B8058}.Debug|Any CPU.ActiveCfg = Debug|Any CPU
		{A77F149A-C902-47AD-8CF5-FF7A947B8058}.Debug|Any CPU.Build.0 = Debug|Any CPU
		{A77F149A-C902-47AD-8CF5-FF7A947B8058}.Release|Any CPU.ActiveCfg = Release|Any CPU
		{A77F149A-C902-47AD-8CF5-FF7A947B8058}.Release|Any CPU.Build.0 = Release|Any CPU
	EndGlobalSection
	GlobalSection(SolutionProperties) = preSolution
		HideSolutionNode = FALSE
	EndGlobalSection
	GlobalSection(ExtensibilityGlobals) = postSolution
		SolutionGuid = {1FB8D948-848A-44CD-B771-CA53609A0C59}
	EndGlobalSection
EndGlobal
